// !$*UTF8*$!
{
	archiveVersion = 1;
	classes = {
	};
	objectVersion = 46;
	objects = {

/* Begin PBXBuildFile section */
		2B15A8611D66153200B857DE /* cellView.xib in Resources */ = {isa = PBXBuildFile; fileRef = 2B15A8601D66153200B857DE /* cellView.xib */; };
		2B15A8681D66162F00B857DE /* CellView.swift in Sources */ = {isa = PBXBuildFile; fileRef = 2B15A8671D66162F00B857DE /* CellView.swift */; };
		2B28AD491D62167600F36628 /* AppDelegate.swift in Sources */ = {isa = PBXBuildFile; fileRef = 2B28AD481D62167600F36628 /* AppDelegate.swift */; };
		2B28AD4B1D62167600F36628 /* RegisterViewController.swift in Sources */ = {isa = PBXBuildFile; fileRef = 2B28AD4A1D62167600F36628 /* RegisterViewController.swift */; };
		2B28AD4E1D62167600F36628 /* Main.storyboard in Resources */ = {isa = PBXBuildFile; fileRef = 2B28AD4C1D62167600F36628 /* Main.storyboard */; };
		2B28AD501D62167600F36628 /* Assets.xcassets in Resources */ = {isa = PBXBuildFile; fileRef = 2B28AD4F1D62167600F36628 /* Assets.xcassets */; };
		2B28AD531D62167600F36628 /* LaunchScreen.storyboard in Resources */ = {isa = PBXBuildFile; fileRef = 2B28AD511D62167600F36628 /* LaunchScreen.storyboard */; };
		2B28AD5E1D62167600F36628 /* DiveAppTests.swift in Sources */ = {isa = PBXBuildFile; fileRef = 2B28AD5D1D62167600F36628 /* DiveAppTests.swift */; };
		2B28AD691D62167600F36628 /* DiveAppUITests.swift in Sources */ = {isa = PBXBuildFile; fileRef = 2B28AD681D62167600F36628 /* DiveAppUITests.swift */; };
		2B28AD781D62183300F36628 /* LoginViewController.swift in Sources */ = {isa = PBXBuildFile; fileRef = 2B28AD761D62183300F36628 /* LoginViewController.swift */; };
		2B28AD7C1D62187A00F36628 /* CloudKit.framework in Frameworks */ = {isa = PBXBuildFile; fileRef = 2B28AD7B1D62187A00F36628 /* CloudKit.framework */; };
		2B28AD801D624D7900F36628 /* LoggedInViewController.swift in Sources */ = {isa = PBXBuildFile; fileRef = 2B28AD7F1D624D7900F36628 /* LoggedInViewController.swift */; };
		2B28AD881D63706D00F36628 /* UpdateProfileTableViewController.swift in Sources */ = {isa = PBXBuildFile; fileRef = 2B28AD871D63706D00F36628 /* UpdateProfileTableViewController.swift */; };
		2B4DB05B1DCE45C4002DA312 /* ExpandableMonthsTableViewController.swift in Sources */ = {isa = PBXBuildFile; fileRef = 2B4DB05A1DCE45C4002DA312 /* ExpandableMonthsTableViewController.swift */; };
		2B5BA1961D6B9067006FEDDB /* DiveAppDataModel.xcdatamodeld in Sources */ = {isa = PBXBuildFile; fileRef = 2B5BA1941D6B9067006FEDDB /* DiveAppDataModel.xcdatamodeld */; };
		2B5BA1981D6BC03E006FEDDB /* dateObject.swift in Sources */ = {isa = PBXBuildFile; fileRef = 2B5BA1971D6BC03E006FEDDB /* dateObject.swift */; };
		2B5EDF701D74B9DD00EC8CDE /* AppointmentObject.swift in Sources */ = {isa = PBXBuildFile; fileRef = 2B5EDF6F1D74B9DD00EC8CDE /* AppointmentObject.swift */; };
		2B5F37961D773155002005A1 /* OpenWaterCourse.swift in Sources */ = {isa = PBXBuildFile; fileRef = 2B5F37951D773155002005A1 /* OpenWaterCourse.swift */; };
		2B5F37981D788E9C002005A1 /* NSDate+Extensions.swift in Sources */ = {isa = PBXBuildFile; fileRef = 2B5F37971D788E9C002005A1 /* NSDate+Extensions.swift */; };
		2B6AE4CA1D6F4BEB00203160 /* HomeViewController.swift in Sources */ = {isa = PBXBuildFile; fileRef = 2B6AE4C91D6F4BEB00203160 /* HomeViewController.swift */; };
		2B6AE4CD1D6F519C00203160 /* SignInView.swift in Sources */ = {isa = PBXBuildFile; fileRef = 2B6AE4CC1D6F519C00203160 /* SignInView.swift */; };
		2B6AE4CF1D6F864400203160 /* RegisterView.swift in Sources */ = {isa = PBXBuildFile; fileRef = 2B6AE4CE1D6F864400203160 /* RegisterView.swift */; };
		2BA6AF741D674AB10057D835 /* UpcomingClassesViewController.swift in Sources */ = {isa = PBXBuildFile; fileRef = 2BA6AF731D674AB10057D835 /* UpcomingClassesViewController.swift */; };
		2BA6AF781D6B49A50057D835 /* AnimationClass.swift in Sources */ = {isa = PBXBuildFile; fileRef = 2BA6AF771D6B49A50057D835 /* AnimationClass.swift */; };
		2BA6AF7D1D6B867C0057D835 /* ClassModuleCell.swift in Sources */ = {isa = PBXBuildFile; fileRef = 2BA6AF7C1D6B867C0057D835 /* ClassModuleCell.swift */; };
		31EBB2450DD99C406B0BB254 /* Pods_DiveAppUITests.framework in Frameworks */ = {isa = PBXBuildFile; fileRef = BC46225F270FA14AFE6B3A0E /* Pods_DiveAppUITests.framework */; };
		33B4C82D4BF6F32D07DAA4D1 /* Pods_DiveAppTests.framework in Frameworks */ = {isa = PBXBuildFile; fileRef = D2BA8A0C4B4EDE6B22305059 /* Pods_DiveAppTests.framework */; };
		E982FF81CF6C5B7E7D2D6DE1 /* Pods_DiveApp.framework in Frameworks */ = {isa = PBXBuildFile; fileRef = 0C740E09FF8B8868A8E1F9C9 /* Pods_DiveApp.framework */; };
/* End PBXBuildFile section */

/* Begin PBXContainerItemProxy section */
		2B28AD5A1D62167600F36628 /* PBXContainerItemProxy */ = {
			isa = PBXContainerItemProxy;
			containerPortal = 2B28AD3D1D62167600F36628 /* Project object */;
			proxyType = 1;
			remoteGlobalIDString = 2B28AD441D62167600F36628;
			remoteInfo = DiveApp;
		};
		2B28AD651D62167600F36628 /* PBXContainerItemProxy */ = {
			isa = PBXContainerItemProxy;
			containerPortal = 2B28AD3D1D62167600F36628 /* Project object */;
			proxyType = 1;
			remoteGlobalIDString = 2B28AD441D62167600F36628;
			remoteInfo = DiveApp;
		};
/* End PBXContainerItemProxy section */

/* Begin PBXFileReference section */
		0C740E09FF8B8868A8E1F9C9 /* Pods_DiveApp.framework */ = {isa = PBXFileReference; explicitFileType = wrapper.framework; includeInIndex = 0; path = Pods_DiveApp.framework; sourceTree = BUILT_PRODUCTS_DIR; };
		1C8A936196AA68041C2F33E0 /* Pods-DiveApp.debug.xcconfig */ = {isa = PBXFileReference; includeInIndex = 1; lastKnownFileType = text.xcconfig; name = "Pods-DiveApp.debug.xcconfig"; path = "Pods/Target Support Files/Pods-DiveApp/Pods-DiveApp.debug.xcconfig"; sourceTree = "<group>"; };
		2B15A8601D66153200B857DE /* cellView.xib */ = {isa = PBXFileReference; fileEncoding = 4; lastKnownFileType = file.xib; path = cellView.xib; sourceTree = "<group>"; };
		2B15A8671D66162F00B857DE /* CellView.swift */ = {isa = PBXFileReference; fileEncoding = 4; lastKnownFileType = sourcecode.swift; path = CellView.swift; sourceTree = "<group>"; };
		2B28AD451D62167600F36628 /* DiveApp.app */ = {isa = PBXFileReference; explicitFileType = wrapper.application; includeInIndex = 0; path = DiveApp.app; sourceTree = BUILT_PRODUCTS_DIR; };
		2B28AD481D62167600F36628 /* AppDelegate.swift */ = {isa = PBXFileReference; lastKnownFileType = sourcecode.swift; path = AppDelegate.swift; sourceTree = "<group>"; };
		2B28AD4A1D62167600F36628 /* RegisterViewController.swift */ = {isa = PBXFileReference; lastKnownFileType = sourcecode.swift; path = RegisterViewController.swift; sourceTree = "<group>"; };
		2B28AD4D1D62167600F36628 /* Base */ = {isa = PBXFileReference; lastKnownFileType = file.storyboard; name = Base; path = Base.lproj/Main.storyboard; sourceTree = "<group>"; };
		2B28AD4F1D62167600F36628 /* Assets.xcassets */ = {isa = PBXFileReference; lastKnownFileType = folder.assetcatalog; path = Assets.xcassets; sourceTree = "<group>"; };
		2B28AD521D62167600F36628 /* Base */ = {isa = PBXFileReference; lastKnownFileType = file.storyboard; name = Base; path = Base.lproj/LaunchScreen.storyboard; sourceTree = "<group>"; };
		2B28AD541D62167600F36628 /* Info.plist */ = {isa = PBXFileReference; lastKnownFileType = text.plist.xml; path = Info.plist; sourceTree = "<group>"; };
		2B28AD591D62167600F36628 /* DiveAppTests.xctest */ = {isa = PBXFileReference; explicitFileType = wrapper.cfbundle; includeInIndex = 0; path = DiveAppTests.xctest; sourceTree = BUILT_PRODUCTS_DIR; };
		2B28AD5D1D62167600F36628 /* DiveAppTests.swift */ = {isa = PBXFileReference; lastKnownFileType = sourcecode.swift; path = DiveAppTests.swift; sourceTree = "<group>"; };
		2B28AD5F1D62167600F36628 /* Info.plist */ = {isa = PBXFileReference; lastKnownFileType = text.plist.xml; path = Info.plist; sourceTree = "<group>"; };
		2B28AD641D62167600F36628 /* DiveAppUITests.xctest */ = {isa = PBXFileReference; explicitFileType = wrapper.cfbundle; includeInIndex = 0; path = DiveAppUITests.xctest; sourceTree = BUILT_PRODUCTS_DIR; };
		2B28AD681D62167600F36628 /* DiveAppUITests.swift */ = {isa = PBXFileReference; lastKnownFileType = sourcecode.swift; path = DiveAppUITests.swift; sourceTree = "<group>"; };
		2B28AD6A1D62167600F36628 /* Info.plist */ = {isa = PBXFileReference; lastKnownFileType = text.plist.xml; path = Info.plist; sourceTree = "<group>"; };
		2B28AD761D62183300F36628 /* LoginViewController.swift */ = {isa = PBXFileReference; fileEncoding = 4; lastKnownFileType = sourcecode.swift; path = LoginViewController.swift; sourceTree = "<group>"; };
		2B28AD7A1D62186E00F36628 /* DiveApp.entitlements */ = {isa = PBXFileReference; lastKnownFileType = text.xml; path = DiveApp.entitlements; sourceTree = "<group>"; };
		2B28AD7B1D62187A00F36628 /* CloudKit.framework */ = {isa = PBXFileReference; lastKnownFileType = wrapper.framework; name = CloudKit.framework; path = System/Library/Frameworks/CloudKit.framework; sourceTree = SDKROOT; };
		2B28AD7F1D624D7900F36628 /* LoggedInViewController.swift */ = {isa = PBXFileReference; fileEncoding = 4; lastKnownFileType = sourcecode.swift; path = LoggedInViewController.swift; sourceTree = "<group>"; };
		2B28AD871D63706D00F36628 /* UpdateProfileTableViewController.swift */ = {isa = PBXFileReference; fileEncoding = 4; lastKnownFileType = sourcecode.swift; name = UpdateProfileTableViewController.swift; path = ../UpdateProfileTableViewController.swift; sourceTree = "<group>"; };
		2B4DB05A1DCE45C4002DA312 /* ExpandableMonthsTableViewController.swift */ = {isa = PBXFileReference; fileEncoding = 4; lastKnownFileType = sourcecode.swift; path = ExpandableMonthsTableViewController.swift; sourceTree = "<group>"; };
		2B5BA1951D6B9067006FEDDB /* DiveAppDataModel.xcdatamodel */ = {isa = PBXFileReference; lastKnownFileType = wrapper.xcdatamodel; path = DiveAppDataModel.xcdatamodel; sourceTree = "<group>"; };
		2B5BA1971D6BC03E006FEDDB /* dateObject.swift */ = {isa = PBXFileReference; fileEncoding = 4; lastKnownFileType = sourcecode.swift; path = dateObject.swift; sourceTree = "<group>"; };
		2B5EDF6F1D74B9DD00EC8CDE /* AppointmentObject.swift */ = {isa = PBXFileReference; fileEncoding = 4; lastKnownFileType = sourcecode.swift; path = AppointmentObject.swift; sourceTree = "<group>"; };
		2B5F37951D773155002005A1 /* OpenWaterCourse.swift */ = {isa = PBXFileReference; fileEncoding = 4; lastKnownFileType = sourcecode.swift; path = OpenWaterCourse.swift; sourceTree = "<group>"; };
		2B5F37971D788E9C002005A1 /* NSDate+Extensions.swift */ = {isa = PBXFileReference; fileEncoding = 4; lastKnownFileType = sourcecode.swift; path = "NSDate+Extensions.swift"; sourceTree = "<group>"; };
		2B6AE4C91D6F4BEB00203160 /* HomeViewController.swift */ = {isa = PBXFileReference; fileEncoding = 4; lastKnownFileType = sourcecode.swift; path = HomeViewController.swift; sourceTree = "<group>"; };
		2B6AE4CC1D6F519C00203160 /* SignInView.swift */ = {isa = PBXFileReference; fileEncoding = 4; lastKnownFileType = sourcecode.swift; path = SignInView.swift; sourceTree = "<group>"; };
		2B6AE4CE1D6F864400203160 /* RegisterView.swift */ = {isa = PBXFileReference; fileEncoding = 4; lastKnownFileType = sourcecode.swift; path = RegisterView.swift; sourceTree = "<group>"; };
		2BA6AF731D674AB10057D835 /* UpcomingClassesViewController.swift */ = {isa = PBXFileReference; fileEncoding = 4; lastKnownFileType = sourcecode.swift; path = UpcomingClassesViewController.swift; sourceTree = "<group>"; };
		2BA6AF771D6B49A50057D835 /* AnimationClass.swift */ = {isa = PBXFileReference; fileEncoding = 4; lastKnownFileType = sourcecode.swift; path = AnimationClass.swift; sourceTree = "<group>"; };
		2BA6AF7C1D6B867C0057D835 /* ClassModuleCell.swift */ = {isa = PBXFileReference; fileEncoding = 4; lastKnownFileType = sourcecode.swift; path = ClassModuleCell.swift; sourceTree = "<group>"; };
		568ADB3885B1676EF6393AD4 /* Pods-DiveApp.release.xcconfig */ = {isa = PBXFileReference; includeInIndex = 1; lastKnownFileType = text.xcconfig; name = "Pods-DiveApp.release.xcconfig"; path = "Pods/Target Support Files/Pods-DiveApp/Pods-DiveApp.release.xcconfig"; sourceTree = "<group>"; };
		8EFB43B6DAA4030203D8C7B8 /* Pods-DiveAppUITests.debug.xcconfig */ = {isa = PBXFileReference; includeInIndex = 1; lastKnownFileType = text.xcconfig; name = "Pods-DiveAppUITests.debug.xcconfig"; path = "Pods/Target Support Files/Pods-DiveAppUITests/Pods-DiveAppUITests.debug.xcconfig"; sourceTree = "<group>"; };
		BC46225F270FA14AFE6B3A0E /* Pods_DiveAppUITests.framework */ = {isa = PBXFileReference; explicitFileType = wrapper.framework; includeInIndex = 0; path = Pods_DiveAppUITests.framework; sourceTree = BUILT_PRODUCTS_DIR; };
		C4494FA178F2B29D0C31DF6A /* Pods-DiveAppTests.debug.xcconfig */ = {isa = PBXFileReference; includeInIndex = 1; lastKnownFileType = text.xcconfig; name = "Pods-DiveAppTests.debug.xcconfig"; path = "Pods/Target Support Files/Pods-DiveAppTests/Pods-DiveAppTests.debug.xcconfig"; sourceTree = "<group>"; };
		C6D4456B602FEE693476986B /* Pods-DiveAppUITests.release.xcconfig */ = {isa = PBXFileReference; includeInIndex = 1; lastKnownFileType = text.xcconfig; name = "Pods-DiveAppUITests.release.xcconfig"; path = "Pods/Target Support Files/Pods-DiveAppUITests/Pods-DiveAppUITests.release.xcconfig"; sourceTree = "<group>"; };
		D2BA8A0C4B4EDE6B22305059 /* Pods_DiveAppTests.framework */ = {isa = PBXFileReference; explicitFileType = wrapper.framework; includeInIndex = 0; path = Pods_DiveAppTests.framework; sourceTree = BUILT_PRODUCTS_DIR; };
		FE0B4E650DA2677BE6C5C973 /* Pods-DiveAppTests.release.xcconfig */ = {isa = PBXFileReference; includeInIndex = 1; lastKnownFileType = text.xcconfig; name = "Pods-DiveAppTests.release.xcconfig"; path = "Pods/Target Support Files/Pods-DiveAppTests/Pods-DiveAppTests.release.xcconfig"; sourceTree = "<group>"; };
/* End PBXFileReference section */

/* Begin PBXFrameworksBuildPhase section */
		2B28AD421D62167600F36628 /* Frameworks */ = {
			isa = PBXFrameworksBuildPhase;
			buildActionMask = 2147483647;
			files = (
				2B28AD7C1D62187A00F36628 /* CloudKit.framework in Frameworks */,
				E982FF81CF6C5B7E7D2D6DE1 /* Pods_DiveApp.framework in Frameworks */,
			);
			runOnlyForDeploymentPostprocessing = 0;
		};
		2B28AD561D62167600F36628 /* Frameworks */ = {
			isa = PBXFrameworksBuildPhase;
			buildActionMask = 2147483647;
			files = (
				33B4C82D4BF6F32D07DAA4D1 /* Pods_DiveAppTests.framework in Frameworks */,
			);
			runOnlyForDeploymentPostprocessing = 0;
		};
		2B28AD611D62167600F36628 /* Frameworks */ = {
			isa = PBXFrameworksBuildPhase;
			buildActionMask = 2147483647;
			files = (
				31EBB2450DD99C406B0BB254 /* Pods_DiveAppUITests.framework in Frameworks */,
			);
			runOnlyForDeploymentPostprocessing = 0;
		};
/* End PBXFrameworksBuildPhase section */

/* Begin PBXGroup section */
		2B15A8621D66153D00B857DE /* UpcomingClasses */ = {
			isa = PBXGroup;
			children = (
				2BA6AF791D6B6E2A0057D835 /* Views */,
				2BA6AF7B1D6B6E4B0057D835 /* Model */,
				2BA6AF7A1D6B6E3F0057D835 /* Controllers */,
			);
			name = UpcomingClasses;
			sourceTree = "<group>";
		};
		2B28AD3C1D62167600F36628 = {
			isa = PBXGroup;
			children = (
				2B28AD7B1D62187A00F36628 /* CloudKit.framework */,
				2B28AD471D62167600F36628 /* DiveApp */,
				2B28AD5C1D62167600F36628 /* DiveAppTests */,
				2B28AD671D62167600F36628 /* DiveAppUITests */,
				2B28AD461D62167600F36628 /* Products */,
				C61BB00F363EF4012BCD69E2 /* Pods */,
				84B033B96B0DBEEC869E5A13 /* Frameworks */,
			);
			sourceTree = "<group>";
		};
		2B28AD461D62167600F36628 /* Products */ = {
			isa = PBXGroup;
			children = (
				2B28AD451D62167600F36628 /* DiveApp.app */,
				2B28AD591D62167600F36628 /* DiveAppTests.xctest */,
				2B28AD641D62167600F36628 /* DiveAppUITests.xctest */,
			);
			name = Products;
			sourceTree = "<group>";
		};
		2B28AD471D62167600F36628 /* DiveApp */ = {
			isa = PBXGroup;
			children = (
				2B28AD7A1D62186E00F36628 /* DiveApp.entitlements */,
				2B28AD4C1D62167600F36628 /* Main.storyboard */,
				2B28AD481D62167600F36628 /* AppDelegate.swift */,
				2B6AE4C91D6F4BEB00203160 /* HomeViewController.swift */,
				2B15A8621D66153D00B857DE /* UpcomingClasses */,
				2B6AE4CB1D6F4C3D00203160 /* UserProfileControllers */,
				2B28AD4F1D62167600F36628 /* Assets.xcassets */,
				2B28AD511D62167600F36628 /* LaunchScreen.storyboard */,
				2B28AD541D62167600F36628 /* Info.plist */,
			);
			path = DiveApp;
			sourceTree = "<group>";
		};
		2B28AD5C1D62167600F36628 /* DiveAppTests */ = {
			isa = PBXGroup;
			children = (
				2B28AD5D1D62167600F36628 /* DiveAppTests.swift */,
				2B28AD5F1D62167600F36628 /* Info.plist */,
			);
			path = DiveAppTests;
			sourceTree = "<group>";
		};
		2B28AD671D62167600F36628 /* DiveAppUITests */ = {
			isa = PBXGroup;
			children = (
				2B28AD681D62167600F36628 /* DiveAppUITests.swift */,
				2B28AD6A1D62167600F36628 /* Info.plist */,
			);
			path = DiveAppUITests;
			sourceTree = "<group>";
		};
		2B6AE4CB1D6F4C3D00203160 /* UserProfileControllers */ = {
			isa = PBXGroup;
			children = (
				2B28AD4A1D62167600F36628 /* RegisterViewController.swift */,
				2B28AD761D62183300F36628 /* LoginViewController.swift */,
				2B28AD7F1D624D7900F36628 /* LoggedInViewController.swift */,
				2B28AD871D63706D00F36628 /* UpdateProfileTableViewController.swift */,
			);
			name = UserProfileControllers;
			sourceTree = "<group>";
		};
		2BA6AF791D6B6E2A0057D835 /* Views */ = {
			isa = PBXGroup;
			children = (
				2B15A8601D66153200B857DE /* cellView.xib */,
				2B15A8671D66162F00B857DE /* CellView.swift */,
				2BA6AF771D6B49A50057D835 /* AnimationClass.swift */,
				2B6AE4CC1D6F519C00203160 /* SignInView.swift */,
				2B6AE4CE1D6F864400203160 /* RegisterView.swift */,
			);
			name = Views;
			sourceTree = "<group>";
		};
		2BA6AF7A1D6B6E3F0057D835 /* Controllers */ = {
			isa = PBXGroup;
			children = (
				2BA6AF731D674AB10057D835 /* UpcomingClassesViewController.swift */,
				2B4DB05A1DCE45C4002DA312 /* ExpandableMonthsTableViewController.swift */,
				2BA6AF7C1D6B867C0057D835 /* ClassModuleCell.swift */,
			);
			name = Controllers;
			sourceTree = "<group>";
		};
		2BA6AF7B1D6B6E4B0057D835 /* Model */ = {
			isa = PBXGroup;
			children = (
				2B5BA1941D6B9067006FEDDB /* DiveAppDataModel.xcdatamodeld */,
				2B5BA1971D6BC03E006FEDDB /* dateObject.swift */,
				2B5EDF6F1D74B9DD00EC8CDE /* AppointmentObject.swift */,
				2B5F37951D773155002005A1 /* OpenWaterCourse.swift */,
				2B5F37971D788E9C002005A1 /* NSDate+Extensions.swift */,
			);
			name = Model;
			sourceTree = "<group>";
		};
		84B033B96B0DBEEC869E5A13 /* Frameworks */ = {
			isa = PBXGroup;
			children = (
				0C740E09FF8B8868A8E1F9C9 /* Pods_DiveApp.framework */,
				D2BA8A0C4B4EDE6B22305059 /* Pods_DiveAppTests.framework */,
				BC46225F270FA14AFE6B3A0E /* Pods_DiveAppUITests.framework */,
			);
			name = Frameworks;
			sourceTree = "<group>";
		};
		C61BB00F363EF4012BCD69E2 /* Pods */ = {
			isa = PBXGroup;
			children = (
				1C8A936196AA68041C2F33E0 /* Pods-DiveApp.debug.xcconfig */,
				568ADB3885B1676EF6393AD4 /* Pods-DiveApp.release.xcconfig */,
				C4494FA178F2B29D0C31DF6A /* Pods-DiveAppTests.debug.xcconfig */,
				FE0B4E650DA2677BE6C5C973 /* Pods-DiveAppTests.release.xcconfig */,
				8EFB43B6DAA4030203D8C7B8 /* Pods-DiveAppUITests.debug.xcconfig */,
				C6D4456B602FEE693476986B /* Pods-DiveAppUITests.release.xcconfig */,
			);
			name = Pods;
			sourceTree = "<group>";
		};
/* End PBXGroup section */

/* Begin PBXNativeTarget section */
		2B28AD441D62167600F36628 /* DiveApp */ = {
			isa = PBXNativeTarget;
			buildConfigurationList = 2B28AD6D1D62167600F36628 /* Build configuration list for PBXNativeTarget "DiveApp" */;
			buildPhases = (
				007457546000EE2A88152A68 /* 📦 Check Pods Manifest.lock */,
				2B28AD411D62167600F36628 /* Sources */,
				2B28AD421D62167600F36628 /* Frameworks */,
				2B28AD431D62167600F36628 /* Resources */,
				F291013C368178C96A6557AF /* 📦 Embed Pods Frameworks */,
				3452F6266FD9F877F6A15AE6 /* 📦 Copy Pods Resources */,
			);
			buildRules = (
			);
			dependencies = (
			);
			name = DiveApp;
			productName = DiveApp;
			productReference = 2B28AD451D62167600F36628 /* DiveApp.app */;
			productType = "com.apple.product-type.application";
		};
		2B28AD581D62167600F36628 /* DiveAppTests */ = {
			isa = PBXNativeTarget;
			buildConfigurationList = 2B28AD701D62167600F36628 /* Build configuration list for PBXNativeTarget "DiveAppTests" */;
			buildPhases = (
				99F890A49C0226084AC30657 /* 📦 Check Pods Manifest.lock */,
				2B28AD551D62167600F36628 /* Sources */,
				2B28AD561D62167600F36628 /* Frameworks */,
				2B28AD571D62167600F36628 /* Resources */,
				97CDAE11E15B4840AF79A850 /* 📦 Embed Pods Frameworks */,
				5DD63929581956B601C2DFA3 /* 📦 Copy Pods Resources */,
			);
			buildRules = (
			);
			dependencies = (
				2B28AD5B1D62167600F36628 /* PBXTargetDependency */,
			);
			name = DiveAppTests;
			productName = DiveAppTests;
			productReference = 2B28AD591D62167600F36628 /* DiveAppTests.xctest */;
			productType = "com.apple.product-type.bundle.unit-test";
		};
		2B28AD631D62167600F36628 /* DiveAppUITests */ = {
			isa = PBXNativeTarget;
			buildConfigurationList = 2B28AD731D62167600F36628 /* Build configuration list for PBXNativeTarget "DiveAppUITests" */;
			buildPhases = (
				034FD66331F082953A4866B2 /* 📦 Check Pods Manifest.lock */,
				2B28AD601D62167600F36628 /* Sources */,
				2B28AD611D62167600F36628 /* Frameworks */,
				2B28AD621D62167600F36628 /* Resources */,
				DCB87BB924891A2330C95D77 /* 📦 Copy Pods Resources */,
			);
			buildRules = (
			);
			dependencies = (
				2B28AD661D62167600F36628 /* PBXTargetDependency */,
			);
			name = DiveAppUITests;
			productName = DiveAppUITests;
			productReference = 2B28AD641D62167600F36628 /* DiveAppUITests.xctest */;
			productType = "com.apple.product-type.bundle.ui-testing";
		};
/* End PBXNativeTarget section */

/* Begin PBXProject section */
		2B28AD3D1D62167600F36628 /* Project object */ = {
			isa = PBXProject;
			attributes = {
				LastSwiftUpdateCheck = 0730;
				LastUpgradeCheck = 0730;
				ORGANIZATIONNAME = "James O'Connor";
				TargetAttributes = {
					2B28AD441D62167600F36628 = {
						CreatedOnToolsVersion = 7.3.1;
						DevelopmentTeam = V8CTKMGRU2;
						LastSwiftMigration = 0800;
						SystemCapabilities = {
							com.apple.iCloud = {
								enabled = 1;
							};
						};
					};
					2B28AD581D62167600F36628 = {
						CreatedOnToolsVersion = 7.3.1;
						LastSwiftMigration = 0800;
						TestTargetID = 2B28AD441D62167600F36628;
					};
					2B28AD631D62167600F36628 = {
						CreatedOnToolsVersion = 7.3.1;
						LastSwiftMigration = 0800;
						TestTargetID = 2B28AD441D62167600F36628;
					};
				};
			};
			buildConfigurationList = 2B28AD401D62167600F36628 /* Build configuration list for PBXProject "DiveApp" */;
			compatibilityVersion = "Xcode 3.2";
			developmentRegion = English;
			hasScannedForEncodings = 0;
			knownRegions = (
				en,
				Base,
			);
			mainGroup = 2B28AD3C1D62167600F36628;
			productRefGroup = 2B28AD461D62167600F36628 /* Products */;
			projectDirPath = "";
			projectRoot = "";
			targets = (
				2B28AD441D62167600F36628 /* DiveApp */,
				2B28AD581D62167600F36628 /* DiveAppTests */,
				2B28AD631D62167600F36628 /* DiveAppUITests */,
			);
		};
/* End PBXProject section */

/* Begin PBXResourcesBuildPhase section */
		2B28AD431D62167600F36628 /* Resources */ = {
			isa = PBXResourcesBuildPhase;
			buildActionMask = 2147483647;
			files = (
				2B15A8611D66153200B857DE /* cellView.xib in Resources */,
				2B28AD531D62167600F36628 /* LaunchScreen.storyboard in Resources */,
				2B28AD501D62167600F36628 /* Assets.xcassets in Resources */,
				2B28AD4E1D62167600F36628 /* Main.storyboard in Resources */,
			);
			runOnlyForDeploymentPostprocessing = 0;
		};
		2B28AD571D62167600F36628 /* Resources */ = {
			isa = PBXResourcesBuildPhase;
			buildActionMask = 2147483647;
			files = (
			);
			runOnlyForDeploymentPostprocessing = 0;
		};
		2B28AD621D62167600F36628 /* Resources */ = {
			isa = PBXResourcesBuildPhase;
			buildActionMask = 2147483647;
			files = (
			);
			runOnlyForDeploymentPostprocessing = 0;
		};
/* End PBXResourcesBuildPhase section */

/* Begin PBXShellScriptBuildPhase section */
		007457546000EE2A88152A68 /* 📦 Check Pods Manifest.lock */ = {
			isa = PBXShellScriptBuildPhase;
			buildActionMask = 2147483647;
			files = (
			);
			inputPaths = (
			);
			name = "📦 Check Pods Manifest.lock";
			outputPaths = (
			);
			runOnlyForDeploymentPostprocessing = 0;
			shellPath = /bin/sh;
			shellScript = "diff \"${PODS_ROOT}/../Podfile.lock\" \"${PODS_ROOT}/Manifest.lock\" > /dev/null\nif [[ $? != 0 ]] ; then\n    cat << EOM\nerror: The sandbox is not in sync with the Podfile.lock. Run 'pod install' or update your CocoaPods installation.\nEOM\n    exit 1\nfi\n";
			showEnvVarsInLog = 0;
		};
		034FD66331F082953A4866B2 /* 📦 Check Pods Manifest.lock */ = {
			isa = PBXShellScriptBuildPhase;
			buildActionMask = 2147483647;
			files = (
			);
			inputPaths = (
			);
			name = "📦 Check Pods Manifest.lock";
			outputPaths = (
			);
			runOnlyForDeploymentPostprocessing = 0;
			shellPath = /bin/sh;
			shellScript = "diff \"${PODS_ROOT}/../Podfile.lock\" \"${PODS_ROOT}/Manifest.lock\" > /dev/null\nif [[ $? != 0 ]] ; then\n    cat << EOM\nerror: The sandbox is not in sync with the Podfile.lock. Run 'pod install' or update your CocoaPods installation.\nEOM\n    exit 1\nfi\n";
			showEnvVarsInLog = 0;
		};
		3452F6266FD9F877F6A15AE6 /* 📦 Copy Pods Resources */ = {
			isa = PBXShellScriptBuildPhase;
			buildActionMask = 2147483647;
			files = (
			);
			inputPaths = (
			);
			name = "📦 Copy Pods Resources";
			outputPaths = (
			);
			runOnlyForDeploymentPostprocessing = 0;
			shellPath = /bin/sh;
			shellScript = "\"${SRCROOT}/Pods/Target Support Files/Pods-DiveApp/Pods-DiveApp-resources.sh\"\n";
			showEnvVarsInLog = 0;
		};
		5DD63929581956B601C2DFA3 /* 📦 Copy Pods Resources */ = {
			isa = PBXShellScriptBuildPhase;
			buildActionMask = 2147483647;
			files = (
			);
			inputPaths = (
			);
			name = "📦 Copy Pods Resources";
			outputPaths = (
			);
			runOnlyForDeploymentPostprocessing = 0;
			shellPath = /bin/sh;
			shellScript = "\"${SRCROOT}/Pods/Target Support Files/Pods-DiveAppTests/Pods-DiveAppTests-resources.sh\"\n";
			showEnvVarsInLog = 0;
		};
		97CDAE11E15B4840AF79A850 /* 📦 Embed Pods Frameworks */ = {
			isa = PBXShellScriptBuildPhase;
			buildActionMask = 2147483647;
			files = (
			);
			inputPaths = (
			);
			name = "📦 Embed Pods Frameworks";
			outputPaths = (
			);
			runOnlyForDeploymentPostprocessing = 0;
			shellPath = /bin/sh;
			shellScript = "\"${SRCROOT}/Pods/Target Support Files/Pods-DiveAppTests/Pods-DiveAppTests-frameworks.sh\"\n";
			showEnvVarsInLog = 0;
		};
		99F890A49C0226084AC30657 /* 📦 Check Pods Manifest.lock */ = {
			isa = PBXShellScriptBuildPhase;
			buildActionMask = 2147483647;
			files = (
			);
			inputPaths = (
			);
			name = "📦 Check Pods Manifest.lock";
			outputPaths = (
			);
			runOnlyForDeploymentPostprocessing = 0;
			shellPath = /bin/sh;
			shellScript = "diff \"${PODS_ROOT}/../Podfile.lock\" \"${PODS_ROOT}/Manifest.lock\" > /dev/null\nif [[ $? != 0 ]] ; then\n    cat << EOM\nerror: The sandbox is not in sync with the Podfile.lock. Run 'pod install' or update your CocoaPods installation.\nEOM\n    exit 1\nfi\n";
			showEnvVarsInLog = 0;
		};
		DCB87BB924891A2330C95D77 /* 📦 Copy Pods Resources */ = {
			isa = PBXShellScriptBuildPhase;
			buildActionMask = 2147483647;
			files = (
			);
			inputPaths = (
			);
			name = "📦 Copy Pods Resources";
			outputPaths = (
			);
			runOnlyForDeploymentPostprocessing = 0;
			shellPath = /bin/sh;
			shellScript = "\"${SRCROOT}/Pods/Target Support Files/Pods-DiveAppUITests/Pods-DiveAppUITests-resources.sh\"\n";
			showEnvVarsInLog = 0;
		};
		F291013C368178C96A6557AF /* 📦 Embed Pods Frameworks */ = {
			isa = PBXShellScriptBuildPhase;
			buildActionMask = 2147483647;
			files = (
			);
			inputPaths = (
			);
			name = "📦 Embed Pods Frameworks";
			outputPaths = (
			);
			runOnlyForDeploymentPostprocessing = 0;
			shellPath = /bin/sh;
			shellScript = "\"${SRCROOT}/Pods/Target Support Files/Pods-DiveApp/Pods-DiveApp-frameworks.sh\"\n";
			showEnvVarsInLog = 0;
		};
/* End PBXShellScriptBuildPhase section */

/* Begin PBXSourcesBuildPhase section */
		2B28AD411D62167600F36628 /* Sources */ = {
			isa = PBXSourcesBuildPhase;
			buildActionMask = 2147483647;
			files = (
				2BA6AF7D1D6B867C0057D835 /* ClassModuleCell.swift in Sources */,
				2B28AD881D63706D00F36628 /* UpdateProfileTableViewController.swift in Sources */,
				2B28AD781D62183300F36628 /* LoginViewController.swift in Sources */,
				2B6AE4CF1D6F864400203160 /* RegisterView.swift in Sources */,
				2B15A8681D66162F00B857DE /* CellView.swift in Sources */,
				2BA6AF741D674AB10057D835 /* UpcomingClassesViewController.swift in Sources */,
				2B5F37961D773155002005A1 /* OpenWaterCourse.swift in Sources */,
				2B5EDF701D74B9DD00EC8CDE /* AppointmentObject.swift in Sources */,
				2B5BA1981D6BC03E006FEDDB /* dateObject.swift in Sources */,
				2B28AD801D624D7900F36628 /* LoggedInViewController.swift in Sources */,
				2B28AD4B1D62167600F36628 /* RegisterViewController.swift in Sources */,
				2BA6AF781D6B49A50057D835 /* AnimationClass.swift in Sources */,
				2B28AD491D62167600F36628 /* AppDelegate.swift in Sources */,
				2B6AE4CA1D6F4BEB00203160 /* HomeViewController.swift in Sources */,
				2B5BA1961D6B9067006FEDDB /* DiveAppDataModel.xcdatamodeld in Sources */,
				2B5F37981D788E9C002005A1 /* NSDate+Extensions.swift in Sources */,
				2B4DB05B1DCE45C4002DA312 /* ExpandableMonthsTableViewController.swift in Sources */,
				2B6AE4CD1D6F519C00203160 /* SignInView.swift in Sources */,
			);
			runOnlyForDeploymentPostprocessing = 0;
		};
		2B28AD551D62167600F36628 /* Sources */ = {
			isa = PBXSourcesBuildPhase;
			buildActionMask = 2147483647;
			files = (
				2B28AD5E1D62167600F36628 /* DiveAppTests.swift in Sources */,
			);
			runOnlyForDeploymentPostprocessing = 0;
		};
		2B28AD601D62167600F36628 /* Sources */ = {
			isa = PBXSourcesBuildPhase;
			buildActionMask = 2147483647;
			files = (
				2B28AD691D62167600F36628 /* DiveAppUITests.swift in Sources */,
			);
			runOnlyForDeploymentPostprocessing = 0;
		};
/* End PBXSourcesBuildPhase section */

/* Begin PBXTargetDependency section */
		2B28AD5B1D62167600F36628 /* PBXTargetDependency */ = {
			isa = PBXTargetDependency;
			target = 2B28AD441D62167600F36628 /* DiveApp */;
			targetProxy = 2B28AD5A1D62167600F36628 /* PBXContainerItemProxy */;
		};
		2B28AD661D62167600F36628 /* PBXTargetDependency */ = {
			isa = PBXTargetDependency;
			target = 2B28AD441D62167600F36628 /* DiveApp */;
			targetProxy = 2B28AD651D62167600F36628 /* PBXContainerItemProxy */;
		};
/* End PBXTargetDependency section */

/* Begin PBXVariantGroup section */
		2B28AD4C1D62167600F36628 /* Main.storyboard */ = {
			isa = PBXVariantGroup;
			children = (
				2B28AD4D1D62167600F36628 /* Base */,
			);
			name = Main.storyboard;
			sourceTree = "<group>";
		};
		2B28AD511D62167600F36628 /* LaunchScreen.storyboard */ = {
			isa = PBXVariantGroup;
			children = (
				2B28AD521D62167600F36628 /* Base */,
			);
			name = LaunchScreen.storyboard;
			sourceTree = "<group>";
		};
/* End PBXVariantGroup section */

/* Begin XCBuildConfiguration section */
		2B28AD6B1D62167600F36628 /* Debug */ = {
			isa = XCBuildConfiguration;
			buildSettings = {
				ALWAYS_SEARCH_USER_PATHS = NO;
				CLANG_ANALYZER_NONNULL = YES;
				CLANG_CXX_LANGUAGE_STANDARD = "gnu++0x";
				CLANG_CXX_LIBRARY = "libc++";
				CLANG_ENABLE_MODULES = YES;
				CLANG_ENABLE_OBJC_ARC = YES;
				CLANG_WARN_BOOL_CONVERSION = YES;
				CLANG_WARN_CONSTANT_CONVERSION = YES;
				CLANG_WARN_DIRECT_OBJC_ISA_USAGE = YES_ERROR;
				CLANG_WARN_EMPTY_BODY = YES;
				CLANG_WARN_ENUM_CONVERSION = YES;
				CLANG_WARN_INT_CONVERSION = YES;
				CLANG_WARN_OBJC_ROOT_CLASS = YES_ERROR;
				CLANG_WARN_UNREACHABLE_CODE = YES;
				CLANG_WARN__DUPLICATE_METHOD_MATCH = YES;
				"CODE_SIGN_IDENTITY[sdk=iphoneos*]" = "iPhone Developer";
				COPY_PHASE_STRIP = NO;
				DEBUG_INFORMATION_FORMAT = dwarf;
				ENABLE_STRICT_OBJC_MSGSEND = YES;
				ENABLE_TESTABILITY = YES;
				GCC_C_LANGUAGE_STANDARD = gnu99;
				GCC_DYNAMIC_NO_PIC = NO;
				GCC_NO_COMMON_BLOCKS = YES;
				GCC_OPTIMIZATION_LEVEL = 0;
				GCC_PREPROCESSOR_DEFINITIONS = (
					"DEBUG=1",
					"$(inherited)",
				);
				GCC_WARN_64_TO_32_BIT_CONVERSION = YES;
				GCC_WARN_ABOUT_RETURN_TYPE = YES_ERROR;
				GCC_WARN_UNDECLARED_SELECTOR = YES;
				GCC_WARN_UNINITIALIZED_AUTOS = YES_AGGRESSIVE;
				GCC_WARN_UNUSED_FUNCTION = YES;
				GCC_WARN_UNUSED_VARIABLE = YES;
				IPHONEOS_DEPLOYMENT_TARGET = 9.3;
				MTL_ENABLE_DEBUG_INFO = YES;
				ONLY_ACTIVE_ARCH = YES;
				SDKROOT = iphoneos;
				SWIFT_OPTIMIZATION_LEVEL = "-Onone";
				TARGETED_DEVICE_FAMILY = "1,2";
			};
			name = Debug;
		};
		2B28AD6C1D62167600F36628 /* Release */ = {
			isa = XCBuildConfiguration;
			buildSettings = {
				ALWAYS_SEARCH_USER_PATHS = NO;
				CLANG_ANALYZER_NONNULL = YES;
				CLANG_CXX_LANGUAGE_STANDARD = "gnu++0x";
				CLANG_CXX_LIBRARY = "libc++";
				CLANG_ENABLE_MODULES = YES;
				CLANG_ENABLE_OBJC_ARC = YES;
				CLANG_WARN_BOOL_CONVERSION = YES;
				CLANG_WARN_CONSTANT_CONVERSION = YES;
				CLANG_WARN_DIRECT_OBJC_ISA_USAGE = YES_ERROR;
				CLANG_WARN_EMPTY_BODY = YES;
				CLANG_WARN_ENUM_CONVERSION = YES;
				CLANG_WARN_INT_CONVERSION = YES;
				CLANG_WARN_OBJC_ROOT_CLASS = YES_ERROR;
				CLANG_WARN_UNREACHABLE_CODE = YES;
				CLANG_WARN__DUPLICATE_METHOD_MATCH = YES;
				"CODE_SIGN_IDENTITY[sdk=iphoneos*]" = "iPhone Developer";
				COPY_PHASE_STRIP = NO;
				DEBUG_INFORMATION_FORMAT = "dwarf-with-dsym";
				ENABLE_NS_ASSERTIONS = NO;
				ENABLE_STRICT_OBJC_MSGSEND = YES;
				GCC_C_LANGUAGE_STANDARD = gnu99;
				GCC_NO_COMMON_BLOCKS = YES;
				GCC_WARN_64_TO_32_BIT_CONVERSION = YES;
				GCC_WARN_ABOUT_RETURN_TYPE = YES_ERROR;
				GCC_WARN_UNDECLARED_SELECTOR = YES;
				GCC_WARN_UNINITIALIZED_AUTOS = YES_AGGRESSIVE;
				GCC_WARN_UNUSED_FUNCTION = YES;
				GCC_WARN_UNUSED_VARIABLE = YES;
				IPHONEOS_DEPLOYMENT_TARGET = 9.3;
				MTL_ENABLE_DEBUG_INFO = NO;
				SDKROOT = iphoneos;
				TARGETED_DEVICE_FAMILY = "1,2";
				VALIDATE_PRODUCT = YES;
			};
			name = Release;
		};
		2B28AD6E1D62167600F36628 /* Debug */ = {
			isa = XCBuildConfiguration;
			baseConfigurationReference = 1C8A936196AA68041C2F33E0 /* Pods-DiveApp.debug.xcconfig */;
			buildSettings = {
				ASSETCATALOG_COMPILER_APPICON_NAME = AppIcon;
				CODE_SIGN_ENTITLEMENTS = DiveApp/DiveApp.entitlements;
				INFOPLIST_FILE = DiveApp/Info.plist;
				LD_RUNPATH_SEARCH_PATHS = "$(inherited) @executable_path/Frameworks";
				PRODUCT_BUNDLE_IDENTIFIER = com.theironyardhouston.com.DiveApp;
				PRODUCT_NAME = "$(TARGET_NAME)";
				SWIFT_VERSION = 2.3;
			};
			name = Debug;
		};
		2B28AD6F1D62167600F36628 /* Release */ = {
			isa = XCBuildConfiguration;
			baseConfigurationReference = 568ADB3885B1676EF6393AD4 /* Pods-DiveApp.release.xcconfig */;
			buildSettings = {
				ASSETCATALOG_COMPILER_APPICON_NAME = AppIcon;
				CODE_SIGN_ENTITLEMENTS = DiveApp/DiveApp.entitlements;
				INFOPLIST_FILE = DiveApp/Info.plist;
				LD_RUNPATH_SEARCH_PATHS = "$(inherited) @executable_path/Frameworks";
				PRODUCT_BUNDLE_IDENTIFIER = com.theironyardhouston.com.DiveApp;
				PRODUCT_NAME = "$(TARGET_NAME)";
				SWIFT_VERSION = 2.3;
			};
			name = Release;
		};
		2B28AD711D62167600F36628 /* Debug */ = {
			isa = XCBuildConfiguration;
			baseConfigurationReference = C4494FA178F2B29D0C31DF6A /* Pods-DiveAppTests.debug.xcconfig */;
			buildSettings = {
				BUNDLE_LOADER = "$(TEST_HOST)";
				INFOPLIST_FILE = DiveAppTests/Info.plist;
				LD_RUNPATH_SEARCH_PATHS = "$(inherited) @executable_path/Frameworks @loader_path/Frameworks";
				PRODUCT_BUNDLE_IDENTIFIER = com.theironyardhouston.com.DiveAppTests;
				PRODUCT_NAME = "$(TARGET_NAME)";
				SWIFT_VERSION = 2.3;
				TEST_HOST = "$(BUILT_PRODUCTS_DIR)/DiveApp.app/DiveApp";
			};
			name = Debug;
		};
		2B28AD721D62167600F36628 /* Release */ = {
			isa = XCBuildConfiguration;
			baseConfigurationReference = FE0B4E650DA2677BE6C5C973 /* Pods-DiveAppTests.release.xcconfig */;
			buildSettings = {
				BUNDLE_LOADER = "$(TEST_HOST)";
				INFOPLIST_FILE = DiveAppTests/Info.plist;
				LD_RUNPATH_SEARCH_PATHS = "$(inherited) @executable_path/Frameworks @loader_path/Frameworks";
				PRODUCT_BUNDLE_IDENTIFIER = com.theironyardhouston.com.DiveAppTests;
				PRODUCT_NAME = "$(TARGET_NAME)";
				SWIFT_VERSION = 2.3;
				TEST_HOST = "$(BUILT_PRODUCTS_DIR)/DiveApp.app/DiveApp";
			};
			name = Release;
		};
		2B28AD741D62167600F36628 /* Debug */ = {
			isa = XCBuildConfiguration;
			baseConfigurationReference = 8EFB43B6DAA4030203D8C7B8 /* Pods-DiveAppUITests.debug.xcconfig */;
			buildSettings = {
				INFOPLIST_FILE = DiveAppUITests/Info.plist;
				LD_RUNPATH_SEARCH_PATHS = "$(inherited) @executable_path/Frameworks @loader_path/Frameworks";
				PRODUCT_BUNDLE_IDENTIFIER = com.theironyardhouston.com.DiveAppUITests;
				PRODUCT_NAME = "$(TARGET_NAME)";
				SWIFT_VERSION = 2.3;
				TEST_TARGET_NAME = DiveApp;
			};
			name = Debug;
		};
		2B28AD751D62167600F36628 /* Release */ = {
			isa = XCBuildConfiguration;
			baseConfigurationReference = C6D4456B602FEE693476986B /* Pods-DiveAppUITests.release.xcconfig */;
			buildSettings = {
				INFOPLIST_FILE = DiveAppUITests/Info.plist;
				LD_RUNPATH_SEARCH_PATHS = "$(inherited) @executable_path/Frameworks @loader_path/Frameworks";
				PRODUCT_BUNDLE_IDENTIFIER = com.theironyardhouston.com.DiveAppUITests;
				PRODUCT_NAME = "$(TARGET_NAME)";
				SWIFT_VERSION = 2.3;
				TEST_TARGET_NAME = DiveApp;
			};
			name = Release;
		};
/* End XCBuildConfiguration section */

/* Begin XCConfigurationList section */
		2B28AD401D62167600F36628 /* Build configuration list for PBXProject "DiveApp" */ = {
			isa = XCConfigurationList;
			buildConfigurations = (
				2B28AD6B1D62167600F36628 /* Debug */,
				2B28AD6C1D62167600F36628 /* Release */,
			);
			defaultConfigurationIsVisible = 0;
			defaultConfigurationName = Release;
		};
		2B28AD6D1D62167600F36628 /* Build configuration list for PBXNativeTarget "DiveApp" */ = {
			isa = XCConfigurationList;
			buildConfigurations = (
				2B28AD6E1D62167600F36628 /* Debug */,
				2B28AD6F1D62167600F36628 /* Release */,
			);
			defaultConfigurationIsVisible = 0;
			defaultConfigurationName = Release;
		};
		2B28AD701D62167600F36628 /* Build configuration list for PBXNativeTarget "DiveAppTests" */ = {
			isa = XCConfigurationList;
			buildConfigurations = (
				2B28AD711D62167600F36628 /* Debug */,
				2B28AD721D62167600F36628 /* Release */,
			);
			defaultConfigurationIsVisible = 0;
			defaultConfigurationName = Release;
		};
		2B28AD731D62167600F36628 /* Build configuration list for PBXNativeTarget "DiveAppUITests" */ = {
			isa = XCConfigurationList;
			buildConfigurations = (
				2B28AD741D62167600F36628 /* Debug */,
				2B28AD751D62167600F36628 /* Release */,
			);
			defaultConfigurationIsVisible = 0;
			defaultConfigurationName = Release;
		};
/* End XCConfigurationList section */

/* Begin XCVersionGroup section */
		2B5BA1941D6B9067006FEDDB /* DiveAppDataModel.xcdatamodeld */ = {
			isa = XCVersionGroup;
			children = (
				2B5BA1951D6B9067006FEDDB /* DiveAppDataModel.xcdatamodel */,
			);
			currentVersion = 2B5BA1951D6B9067006FEDDB /* DiveAppDataModel.xcdatamodel */;
			path = DiveAppDataModel.xcdatamodeld;
			sourceTree = "<group>";
			versionGroupType = wrapper.xcdatamodel;
		};
/* End XCVersionGroup section */
	};
	rootObject = 2B28AD3D1D62167600F36628 /* Project object */;
}
